
Microsoft Visual Studio Solution File, Format Version 10.00
# Visual C++ Express 2008
Project("{8BC9CEB8-8B4A-11D0-8D11-00A0C91BC942}") = "tedge", "..\engine\tedge.vcproj", "{5A62DFBF-A605-4121-B0BE-BA1944AB1724}"
EndProject
Project("{8BC9CEB8-8B4A-11D0-8D11-00A0C91BC942}") = "halo", "halo.vcproj", "{36598819-3EDB-4134-B07B-0C056D49E96F}"
	ProjectSection(ProjectDependencies) = postProject
		{5A62DFBF-A605-4121-B0BE-BA1944AB1724} = {5A62DFBF-A605-4121-B0BE-BA1944AB1724}
	EndProjectSection
EndProject
Global
	GlobalSection(SolutionConfigurationPlatforms) = preSolution
		Debug|Win32 = Debug|Win32
		Release|Win32 = Release|Win32
	EndGlobalSection
	GlobalSection(ProjectConfigurationPlatforms) = postSolution
		{5A62DFBF-A605-4121-B0BE-BA1944AB1724}.Debug|Win32.ActiveCfg = Debug|Win32
		{5A62DFBF-A605-4121-B0BE-BA1944AB1724}.Debug|Win32.Build.0 = Debug|Win32
		{5A62DFBF-A605-4121-B0BE-BA1944AB1724}.Release|Win32.ActiveCfg = Release|Win32
		{5A62DFBF-A605-4121-B0BE-BA1944AB1724}.Release|Win32.Build.0 = Release|Win32
		{36598819-3EDB-4134-B07B-0C056D49E96F}.Debug|Win32.ActiveCfg = Debug|Win32
		{36598819-3EDB-4134-B07B-0C056D49E96F}.Debug|Win32.Build.0 = Debug|Win32
		{36598819-3EDB-4134-B07B-0C056D49E96F}.Release|Win32.ActiveCfg = Release|Win32
		{36598819-3EDB-4134-B07B-0C056D49E96F}.Release|Win32.Build.0 = Release|Win32
	EndGlobalSection
	GlobalSection(SolutionProperties) = preSolution
		HideSolutionNode = FALSE
	EndGlobalSection
EndGlobal
